
Microsoft Visual Studio Solution File, Format Version 12.00
# Visual Studio 15
VisualStudioVersion = 15.0.28010.2016
MinimumVisualStudioVersion = 10.0.40219.1
Project("{FAE04EC0-301F-11D3-BF4B-00C04F79EFBC}") = "Sklep_CMS", "Sklep_CMS\Sklep_CMS.csproj", "{227361E0-196C-4892-A36B-E3CB2F2120E9}"
EndProject
Project("{FAE04EC0-301F-11D3-BF4B-00C04F79EFBC}") = "Sklep_CMS.Tests", "Sklep_CMS.Tests\Sklep_CMS.Tests.csproj", "{6DB6BB65-6FD2-466F-A3D0-41C995BB9FEF}"
EndProject
Global
	GlobalSection(SolutionConfigurationPlatforms) = preSolution
		Debug|Any CPU = Debug|Any CPU
		Release|Any CPU = Release|Any CPU
	EndGlobalSection
	GlobalSection(ProjectConfigurationPlatforms) = postSolution
		{227361E0-196C-4892-A36B-E3CB2F2120E9}.Debug|Any CPU.ActiveCfg = Debug|Any CPU
		{227361E0-196C-4892-A36B-E3CB2F2120E9}.Debug|Any CPU.Build.0 = Debug|Any CPU
		{227361E0-196C-4892-A36B-E3CB2F2120E9}.Release|Any CPU.ActiveCfg = Release|Any CPU
		{227361E0-196C-4892-A36B-E3CB2F2120E9}.Release|Any CPU.Build.0 = Release|Any CPU
		{6DB6BB65-6FD2-466F-A3D0-41C995BB9FEF}.Debug|Any CPU.ActiveCfg = Debug|Any CPU
		{6DB6BB65-6FD2-466F-A3D0-41C995BB9FEF}.Debug|Any CPU.Build.0 = Debug|Any CPU
		{6DB6BB65-6FD2-466F-A3D0-41C995BB9FEF}.Release|Any CPU.ActiveCfg = Release|Any CPU
		{6DB6BB65-6FD2-466F-A3D0-41C995BB9FEF}.Release|Any CPU.Build.0 = Release|Any CPU
	EndGlobalSection
	GlobalSection(SolutionProperties) = preSolution
		HideSolutionNode = FALSE
	EndGlobalSection
	GlobalSection(ExtensibilityGlobals) = postSolution
		SolutionGuid = {51B706AF-72D8-48CC-8D89-28384BEE962A}
	EndGlobalSection
EndGlobal
